
Microsoft Visual Studio Solution File, Format Version 12.00
# Visual Studio Version 16
VisualStudioVersion = 16.0.30309.148
MinimumVisualStudioVersion = 10.0.40219.1
Project("{FAE04EC0-301F-11D3-BF4B-00C04F79EFBC}") = "MatrixAPI", "MatrixAPI\MatrixAPI.csproj", "{AC7300D0-31E8-440F-BA2C-73373DC6C417}"
EndProject
Project("{FAE04EC0-301F-11D3-BF4B-00C04F79EFBC}") = "MatrixClientCLI", "MatrixClientCLI\MatrixClientCLI.csproj", "{8ECAAA98-86C6-4117-BC9D-1D8A65648F31}"
EndProject
Global
	GlobalSection(SolutionConfigurationPlatforms) = preSolution
		Debug|Any CPU = Debug|Any CPU
		Release|Any CPU = Release|Any CPU
	EndGlobalSection
	GlobalSection(ProjectConfigurationPlatforms) = postSolution
		{AC7300D0-31E8-440F-BA2C-73373DC6C417}.Debug|Any CPU.ActiveCfg = Debug|Any CPU
		{AC7300D0-31E8-440F-BA2C-73373DC6C417}.Debug|Any CPU.Build.0 = Debug|Any CPU
		{AC7300D0-31E8-440F-BA2C-73373DC6C417}.Release|Any CPU.ActiveCfg = Release|Any CPU
		{AC7300D0-31E8-440F-BA2C-73373DC6C417}.Release|Any CPU.Build.0 = Release|Any CPU
		{8ECAAA98-86C6-4117-BC9D-1D8A65648F31}.Debug|Any CPU.ActiveCfg = Debug|Any CPU
		{8ECAAA98-86C6-4117-BC9D-1D8A65648F31}.Debug|Any CPU.Build.0 = Debug|Any CPU
		{8ECAAA98-86C6-4117-BC9D-1D8A65648F31}.Release|Any CPU.ActiveCfg = Release|Any CPU
		{8ECAAA98-86C6-4117-BC9D-1D8A65648F31}.Release|Any CPU.Build.0 = Release|Any CPU
	EndGlobalSection
	GlobalSection(SolutionProperties) = preSolution
		HideSolutionNode = FALSE
	EndGlobalSection
	GlobalSection(ExtensibilityGlobals) = postSolution
		SolutionGuid = {0D55D684-81EB-475C-931C-E5F9AAE5A919}
	EndGlobalSection
EndGlobal
